{
  "pins" : [
    {
      "identity" : "tensorflowlitec",
      "kind" : "remoteSourceControl",
      "location" : "https://github.com/kewlbear/TensorFlowLiteC.git",
      "state" : {
        "branch" : "master",
        "revision" : "850df3a11e03e7fa5b7687fea656d73c75714c86"
      }
    },
    {
      "identity" : "tensorflowliteswift",
      "kind" : "remoteSourceControl",
      "location" : "https://github.com/kewlbear/TensorFlowLiteSwift.git",
      "state" : {
        "branch" : "master",
        "revision" : "bb9bd9c7c86e882f17aaf8bac35e96c77264eee2"
      }
    }
  ],
  "version" : 2
}
